<?xml version="1.0" encoding="UTF-8" standalone="yes" ?>
<CodeBlocks_project_file>
	<FileVersion major="1" minor="6" />
	<Project>
		<Option title="Guerre_des_classes_tactic_demo" />
		<Option pch_mode="2" />
		<Option compiler="gcc" />
		<Build>
			<Target title="Debug">
				<Option output="bin/Debug/Guerre_des_classes_tactic_demo" prefix_auto="1" extension_auto="1" />
				<Option object_output="obj/Debug/" />
				<Option type="1" />
				<Option compiler="gcc" />
				<Compiler>
					<Add option="-g" />
				</Compiler>
			</Target>
			<Target title="Release">
				<Option output="bin/Release/Guerre_des_classes_tactic_demo" prefix_auto="1" extension_auto="1" />
				<Option object_output="obj/Release/" />
				<Option type="0" />
				<Option compiler="gcc" />
				<Compiler>
					<Add option="-O2" />
				</Compiler>
				<Linker>
					<Add option="-s" />
				</Linker>
			</Target>
		</Build>
		<Compiler>
			<Add option="`sdl-config --cflags`" />
			<Add option="-Wall" />
		</Compiler>
		<Linker>
			<Add option="`sdl-config --libs`" />
		</Linker>
		<Unit filename="Accessoire.cpp" />
		<Unit filename="Accessoire.h" />
		<Unit filename="Arme.cpp" />
		<Unit filename="Arme.h" />
		<Unit filename="Armure.cpp" />
		<Unit filename="Armure.h" />
		<Unit filename="Bouclier.cpp" />
		<Unit filename="Bouclier.h" />
		<Unit filename="Casque.cpp" />
		<Unit filename="Casque.h" />
		<Unit filename="ChevalierDragon.cpp" />
		<Unit filename="ChevalierDragon.h" />
		<Unit filename="Constantes.h" />
		<Unit filename="Cuirasse.cpp" />
		<Unit filename="Cuirasse.h" />
		<Unit filename="Equipement.cpp" />
		<Unit filename="Equipement.h" />
		<Unit filename="Etat.cpp" />
		<Unit filename="Etat.h" />
		<Unit filename="Gant.cpp" />
		<Unit filename="Gant.h" />
		<Unit filename="Groupe.cpp" />
		<Unit filename="Groupe.h" />
		<Unit filename="Inventaire.cpp" />
		<Unit filename="Inventaire.h" />
		<Unit filename="Jambiere.cpp" />
		<Unit filename="Jambiere.h" />
		<Unit filename="Jeu.cpp" />
		<Unit filename="Jeu.h" />
		<Unit filename="Lance.cpp" />
		<Unit filename="Lance.h" />
		<Unit filename="Menu.cpp" />
		<Unit filename="Menu.h" />
		<Unit filename="Moine.cpp" />
		<Unit filename="Moine.h" />
		<Unit filename="Objet.cpp" />
		<Unit filename="Objet.h" />
		<Unit filename="Personnage.cpp" />
		<Unit filename="Personnage.h" />
		<Unit filename="Potion.cpp" />
		<Unit filename="Potion.h" />
		<Unit filename="SmenuEquipement.cpp" />
		<Unit filename="SmenuEquipement.h" />
		<Unit filename="main.cpp" />
		<Extensions>
			<code_completion />
			<debugger />
		</Extensions>
	</Project>
</CodeBlocks_project_file>
